
Microsoft Visual Studio Solution File, Format Version 12.00
# Visual Studio Version 17
VisualStudioVersion = 17.0.31903.59
MinimumVisualStudioVersion = 10.0.40219.1
Project("{2150E333-8FDC-42A3-9474-1A3956D46DE8}") = "src", "src", "{827E0CD3-B72D-47B6-A68D-7590B98EB39B}"
EndProject
Project("{FAE04EC0-301F-11D3-BF4B-00C04F79EFBC}") = "FreeKSeF.Core", "src\FreeKSeF.Core\FreeKSeF.Core.csproj", "{357A2D5A-3BA6-458D-8016-2FB39D25D552}"
EndProject
Project("{FAE04EC0-301F-11D3-BF4B-00C04F79EFBC}") = "FreeKSeF.Data", "src\FreeKSeF.Data\FreeKSeF.Data.csproj", "{AFBD8176-E905-41AA-A664-2C702AE8C5D2}"
EndProject
Project("{FAE04EC0-301F-11D3-BF4B-00C04F79EFBC}") = "FreeKSeF.Ksef", "src\FreeKSeF.Ksef\FreeKSeF.Ksef.csproj", "{77CE21CA-12DD-4104-9AEF-E9DD17E30816}"
EndProject
Project("{FAE04EC0-301F-11D3-BF4B-00C04F79EFBC}") = "FreeKSeF.Tests", "tests\FreeKSeF.Tests\FreeKSeF.Tests.csproj", "{99CED169-109F-47D4-BBF5-720B2AB0F473}"
EndProject
Project("{FAE04EC0-301F-11D3-BF4B-00C04F79EFBC}") = "FreeKSeF.App", "src\FreeKSeF.App\FreeKSeF.App.csproj", "{35558177-4312-427B-AA26-B833D85998DB}"
EndProject
Project("{FAE04EC0-301F-11D3-BF4B-00C04F79EFBC}") = "FreeKSeF.Pdf", "src\FreeKSeF.Pdf\FreeKSeF.Pdf.csproj", "{C4CA1252-93AE-4F9B-93F7-2FE540D62168}"
EndProject
Global
	GlobalSection(SolutionConfigurationPlatforms) = preSolution
		Debug|Any CPU = Debug|Any CPU
		Debug|x64 = Debug|x64
		Debug|x86 = Debug|x86
		Release|Any CPU = Release|Any CPU
		Release|x64 = Release|x64
		Release|x86 = Release|x86
	EndGlobalSection
	GlobalSection(ProjectConfigurationPlatforms) = postSolution
		{357A2D5A-3BA6-458D-8016-2FB39D25D552}.Debug|Any CPU.ActiveCfg = Debug|Any CPU
		{357A2D5A-3BA6-458D-8016-2FB39D25D552}.Debug|Any CPU.Build.0 = Debug|Any CPU
		{357A2D5A-3BA6-458D-8016-2FB39D25D552}.Debug|x64.ActiveCfg = Debug|Any CPU
		{357A2D5A-3BA6-458D-8016-2FB39D25D552}.Debug|x64.Build.0 = Debug|Any CPU
		{357A2D5A-3BA6-458D-8016-2FB39D25D552}.Debug|x86.ActiveCfg = Debug|Any CPU
		{357A2D5A-3BA6-458D-8016-2FB39D25D552}.Debug|x86.Build.0 = Debug|Any CPU
		{357A2D5A-3BA6-458D-8016-2FB39D25D552}.Release|Any CPU.ActiveCfg = Release|Any CPU
		{357A2D5A-3BA6-458D-8016-2FB39D25D552}.Release|Any CPU.Build.0 = Release|Any CPU
		{357A2D5A-3BA6-458D-8016-2FB39D25D552}.Release|x64.ActiveCfg = Release|Any CPU
		{357A2D5A-3BA6-458D-8016-2FB39D25D552}.Release|x64.Build.0 = Release|Any CPU
		{357A2D5A-3BA6-458D-8016-2FB39D25D552}.Release|x86.ActiveCfg = Release|Any CPU
		{357A2D5A-3BA6-458D-8016-2FB39D25D552}.Release|x86.Build.0 = Release|Any CPU
		{AFBD8176-E905-41AA-A664-2C702AE8C5D2}.Debug|Any CPU.ActiveCfg = Debug|Any CPU
		{AFBD8176-E905-41AA-A664-2C702AE8C5D2}.Debug|Any CPU.Build.0 = Debug|Any CPU
		{AFBD8176-E905-41AA-A664-2C702AE8C5D2}.Debug|x64.ActiveCfg = Debug|Any CPU
		{AFBD8176-E905-41AA-A664-2C702AE8C5D2}.Debug|x64.Build.0 = Debug|Any CPU
		{AFBD8176-E905-41AA-A664-2C702AE8C5D2}.Debug|x86.ActiveCfg = Debug|Any CPU
		{AFBD8176-E905-41AA-A664-2C702AE8C5D2}.Debug|x86.Build.0 = Debug|Any CPU
		{AFBD8176-E905-41AA-A664-2C702AE8C5D2}.Release|Any CPU.ActiveCfg = Release|Any CPU
		{AFBD8176-E905-41AA-A664-2C702AE8C5D2}.Release|Any CPU.Build.0 = Release|Any CPU
		{AFBD8176-E905-41AA-A664-2C702AE8C5D2}.Release|x64.ActiveCfg = Release|Any CPU
		{AFBD8176-E905-41AA-A664-2C702AE8C5D2}.Release|x64.Build.0 = Release|Any CPU
		{AFBD8176-E905-41AA-A664-2C702AE8C5D2}.Release|x86.ActiveCfg = Release|Any CPU
		{AFBD8176-E905-41AA-A664-2C702AE8C5D2}.Release|x86.Build.0 = Release|Any CPU
		{77CE21CA-12DD-4104-9AEF-E9DD17E30816}.Debug|Any CPU.ActiveCfg = Debug|Any CPU
		{77CE21CA-12DD-4104-9AEF-E9DD17E30816}.Debug|Any CPU.Build.0 = Debug|Any CPU
		{77CE21CA-12DD-4104-9AEF-E9DD17E30816}.Debug|x64.ActiveCfg = Debug|Any CPU
		{77CE21CA-12DD-4104-9AEF-E9DD17E30816}.Debug|x64.Build.0 = Debug|Any CPU
		{77CE21CA-12DD-4104-9AEF-E9DD17E30816}.Debug|x86.ActiveCfg = Debug|Any CPU
		{77CE21CA-12DD-4104-9AEF-E9DD17E30816}.Debug|x86.Build.0 = Debug|Any CPU
		{77CE21CA-12DD-4104-9AEF-E9DD17E30816}.Release|Any CPU.ActiveCfg = Release|Any CPU
		{77CE21CA-12DD-4104-9AEF-E9DD17E30816}.Release|Any CPU.Build.0 = Release|Any CPU
		{77CE21CA-12DD-4104-9AEF-E9DD17E30816}.Release|x64.ActiveCfg = Release|Any CPU
		{77CE21CA-12DD-4104-9AEF-E9DD17E30816}.Release|x64.Build.0 = Release|Any CPU
		{77CE21CA-12DD-4104-9AEF-E9DD17E30816}.Release|x86.ActiveCfg = Release|Any CPU
		{77CE21CA-12DD-4104-9AEF-E9DD17E30816}.Release|x86.Build.0 = Release|Any CPU
		{99CED169-109F-47D4-BBF5-720B2AB0F473}.Debug|Any CPU.ActiveCfg = Debug|Any CPU
		{99CED169-109F-47D4-BBF5-720B2AB0F473}.Debug|Any CPU.Build.0 = Debug|Any CPU
		{99CED169-109F-47D4-BBF5-720B2AB0F473}.Debug|x64.ActiveCfg = Debug|Any CPU
		{99CED169-109F-47D4-BBF5-720B2AB0F473}.Debug|x64.Build.0 = Debug|Any CPU
		{99CED169-109F-47D4-BBF5-720B2AB0F473}.Debug|x86.ActiveCfg = Debug|Any CPU
		{99CED169-109F-47D4-BBF5-720B2AB0F473}.Debug|x86.Build.0 = Debug|Any CPU
		{99CED169-109F-47D4-BBF5-720B2AB0F473}.Release|Any CPU.ActiveCfg = Release|Any CPU
		{99CED169-109F-47D4-BBF5-720B2AB0F473}.Release|Any CPU.Build.0 = Release|Any CPU
		{99CED169-109F-47D4-BBF5-720B2AB0F473}.Release|x64.ActiveCfg = Release|Any CPU
		{99CED169-109F-47D4-BBF5-720B2AB0F473}.Release|x64.Build.0 = Release|Any CPU
		{99CED169-109F-47D4-BBF5-720B2AB0F473}.Release|x86.ActiveCfg = Release|Any CPU
		{99CED169-109F-47D4-BBF5-720B2AB0F473}.Release|x86.Build.0 = Release|Any CPU
		{35558177-4312-427B-AA26-B833D85998DB}.Debug|Any CPU.ActiveCfg = Debug|Any CPU
		{35558177-4312-427B-AA26-B833D85998DB}.Debug|Any CPU.Build.0 = Debug|Any CPU
		{35558177-4312-427B-AA26-B833D85998DB}.Debug|x64.ActiveCfg = Debug|Any CPU
		{35558177-4312-427B-AA26-B833D85998DB}.Debug|x64.Build.0 = Debug|Any CPU
		{35558177-4312-427B-AA26-B833D85998DB}.Debug|x86.ActiveCfg = Debug|Any CPU
		{35558177-4312-427B-AA26-B833D85998DB}.Debug|x86.Build.0 = Debug|Any CPU
		{35558177-4312-427B-AA26-B833D85998DB}.Release|Any CPU.ActiveCfg = Release|Any CPU
		{35558177-4312-427B-AA26-B833D85998DB}.Release|Any CPU.Build.0 = Release|Any CPU
		{35558177-4312-427B-AA26-B833D85998DB}.Release|x64.ActiveCfg = Release|Any CPU
		{35558177-4312-427B-AA26-B833D85998DB}.Release|x64.Build.0 = Release|Any CPU
		{35558177-4312-427B-AA26-B833D85998DB}.Release|x86.ActiveCfg = Release|Any CPU
		{35558177-4312-427B-AA26-B833D85998DB}.Release|x86.Build.0 = Release|Any CPU
		{C4CA1252-93AE-4F9B-93F7-2FE540D62168}.Debug|Any CPU.ActiveCfg = Debug|Any CPU
		{C4CA1252-93AE-4F9B-93F7-2FE540D62168}.Debug|Any CPU.Build.0 = Debug|Any CPU
		{C4CA1252-93AE-4F9B-93F7-2FE540D62168}.Debug|x64.ActiveCfg = Debug|Any CPU
		{C4CA1252-93AE-4F9B-93F7-2FE540D62168}.Debug|x64.Build.0 = Debug|Any CPU
		{C4CA1252-93AE-4F9B-93F7-2FE540D62168}.Debug|x86.ActiveCfg = Debug|Any CPU
		{C4CA1252-93AE-4F9B-93F7-2FE540D62168}.Debug|x86.Build.0 = Debug|Any CPU
		{C4CA1252-93AE-4F9B-93F7-2FE540D62168}.Release|Any CPU.ActiveCfg = Release|Any CPU
		{C4CA1252-93AE-4F9B-93F7-2FE540D62168}.Release|Any CPU.Build.0 = Release|Any CPU
		{C4CA1252-93AE-4F9B-93F7-2FE540D62168}.Release|x64.ActiveCfg = Release|Any CPU
		{C4CA1252-93AE-4F9B-93F7-2FE540D62168}.Release|x64.Build.0 = Release|Any CPU
		{C4CA1252-93AE-4F9B-93F7-2FE540D62168}.Release|x86.ActiveCfg = Release|Any CPU
		{C4CA1252-93AE-4F9B-93F7-2FE540D62168}.Release|x86.Build.0 = Release|Any CPU
	EndGlobalSection
	GlobalSection(SolutionProperties) = preSolution
		HideSolutionNode = FALSE
	EndGlobalSection
	GlobalSection(NestedProjects) = preSolution
		{357A2D5A-3BA6-458D-8016-2FB39D25D552} = {827E0CD3-B72D-47B6-A68D-7590B98EB39B}
		{AFBD8176-E905-41AA-A664-2C702AE8C5D2} = {827E0CD3-B72D-47B6-A68D-7590B98EB39B}
		{77CE21CA-12DD-4104-9AEF-E9DD17E30816} = {827E0CD3-B72D-47B6-A68D-7590B98EB39B}
		{99CED169-109F-47D4-BBF5-720B2AB0F473} = {827E0CD3-B72D-47B6-A68D-7590B98EB39B}
		{35558177-4312-427B-AA26-B833D85998DB} = {827E0CD3-B72D-47B6-A68D-7590B98EB39B}
		{C4CA1252-93AE-4F9B-93F7-2FE540D62168} = {827E0CD3-B72D-47B6-A68D-7590B98EB39B}
	EndGlobalSection
EndGlobal
